// !$*UTF8*$!
{
	archiveVersion = 1;
	classes = {
	};
	objectVersion = 46;
	objects = {

/* Begin PBXBuildFile section */
		591890B41B6F031B001FA192 /* pop.mp3 in Resources */ = {isa = PBXBuildFile; fileRef = 591890AC1B6F031B001FA192 /* pop.mp3 */; };
		5920694D1B7ACC6300BC117D /* zap.wav in Resources */ = {isa = PBXBuildFile; fileRef = 5920694A1B7ACC6300BC117D /* zap.wav */; };
		5932502D1B7A972A00F38C15 /* menu.png in Resources */ = {isa = PBXBuildFile; fileRef = 5932502B1B7A972A00F38C15 /* menu.png */; };
		5932502E1B7A972A00F38C15 /* restart.png in Resources */ = {isa = PBXBuildFile; fileRef = 5932502C1B7A972A00F38C15 /* restart.png */; };
		594601E31BA8DA6D00FADDA6 /* About2.atlas in Resources */ = {isa = PBXBuildFile; fileRef = 594601E21BA8DA6D00FADDA6 /* About2.atlas */; };
		594601E51BA8DA7600FADDA6 /* About.atlas in Resources */ = {isa = PBXBuildFile; fileRef = 594601E41BA8DA7500FADDA6 /* About.atlas */; };
		595C91DA1B6937620073148F /* AppDelegate.swift in Sources */ = {isa = PBXBuildFile; fileRef = 595C91D91B6937620073148F /* AppDelegate.swift */; };
		595C91DE1B6937620073148F /* GameScene.swift in Sources */ = {isa = PBXBuildFile; fileRef = 595C91DD1B6937620073148F /* GameScene.swift */; };
		595C91E01B6937620073148F /* GameViewController.swift in Sources */ = {isa = PBXBuildFile; fileRef = 595C91DF1B6937620073148F /* GameViewController.swift */; };
		595C91E31B6937620073148F /* Main.storyboard in Resources */ = {isa = PBXBuildFile; fileRef = 595C91E11B6937620073148F /* Main.storyboard */; };
		595C91E51B6937620073148F /* Images.xcassets in Resources */ = {isa = PBXBuildFile; fileRef = 595C91E41B6937620073148F /* Images.xcassets */; };
		595C91F41B6937620073148F /* __LungTests.swift in Sources */ = {isa = PBXBuildFile; fileRef = 595C91F31B6937620073148F /* __LungTests.swift */; };
		595C92001B69469F0073148F /* LaunchScreen.xib in Resources */ = {isa = PBXBuildFile; fileRef = 595C91FF1B69469F0073148F /* LaunchScreen.xib */; };
		595F217F1B7143DA00EDE221 /* Images.atlas in Resources */ = {isa = PBXBuildFile; fileRef = 595F217E1B7143DA00EDE221 /* Images.atlas */; };
		598357291B7F0DAC00A6CF6E /* lungtheme.mp3 in Resources */ = {isa = PBXBuildFile; fileRef = 598357281B7F0DAC00A6CF6E /* lungtheme.mp3 */; };
		5983572B1B7F16E800A6CF6E /* menu.mp3 in Resources */ = {isa = PBXBuildFile; fileRef = 5983572A1B7F16E800A6CF6E /* menu.mp3 */; };
		59A26DFF1B697D230003BCBB /* MainMenu.swift in Sources */ = {isa = PBXBuildFile; fileRef = 59A26DFE1B697D230003BCBB /* MainMenu.swift */; };
		59A26E071B697F6F0003BCBB /* About.swift in Sources */ = {isa = PBXBuildFile; fileRef = 59A26E061B697F6F0003BCBB /* About.swift */; };
		59A26E091B697FC30003BCBB /* GameOver.swift in Sources */ = {isa = PBXBuildFile; fileRef = 59A26E081B697FC30003BCBB /* GameOver.swift */; };
		59CA65A51B71C26B004B8397 /* Global.swift in Sources */ = {isa = PBXBuildFile; fileRef = 59CA65A41B71C26B004B8397 /* Global.swift */; };
/* End PBXBuildFile section */

/* Begin PBXContainerItemProxy section */
		595C91EE1B6937620073148F /* PBXContainerItemProxy */ = {
			isa = PBXContainerItemProxy;
			containerPortal = 595C91CC1B6937620073148F /* Project object */;
			proxyType = 1;
			remoteGlobalIDString = 595C91D31B6937620073148F;
			remoteInfo = "5 Lung";
		};
/* End PBXContainerItemProxy section */

/* Begin PBXFileReference section */
		591890AC1B6F031B001FA192 /* pop.mp3 */ = {isa = PBXFileReference; lastKnownFileType = audio.mp3; path = pop.mp3; sourceTree = "<group>"; };
		5920694A1B7ACC6300BC117D /* zap.wav */ = {isa = PBXFileReference; lastKnownFileType = audio.wav; path = zap.wav; sourceTree = "<group>"; };
		5932502B1B7A972A00F38C15 /* menu.png */ = {isa = PBXFileReference; lastKnownFileType = image.png; path = menu.png; sourceTree = "<group>"; };
		5932502C1B7A972A00F38C15 /* restart.png */ = {isa = PBXFileReference; lastKnownFileType = image.png; path = restart.png; sourceTree = "<group>"; };
		594601E21BA8DA6D00FADDA6 /* About2.atlas */ = {isa = PBXFileReference; lastKnownFileType = folder.skatlas; path = About2.atlas; sourceTree = "<group>"; };
		594601E41BA8DA7500FADDA6 /* About.atlas */ = {isa = PBXFileReference; lastKnownFileType = folder.skatlas; path = About.atlas; sourceTree = "<group>"; };
		595C91D41B6937620073148F /* 5 Lung.app */ = {isa = PBXFileReference; explicitFileType = wrapper.application; includeInIndex = 0; path = "5 Lung.app"; sourceTree = BUILT_PRODUCTS_DIR; };
		595C91D81B6937620073148F /* Info.plist */ = {isa = PBXFileReference; lastKnownFileType = text.plist.xml; path = Info.plist; sourceTree = "<group>"; };
		595C91D91B6937620073148F /* AppDelegate.swift */ = {isa = PBXFileReference; lastKnownFileType = sourcecode.swift; path = AppDelegate.swift; sourceTree = "<group>"; };
		595C91DD1B6937620073148F /* GameScene.swift */ = {isa = PBXFileReference; lastKnownFileType = sourcecode.swift; path = GameScene.swift; sourceTree = "<group>"; };
		595C91DF1B6937620073148F /* GameViewController.swift */ = {isa = PBXFileReference; lastKnownFileType = sourcecode.swift; path = GameViewController.swift; sourceTree = "<group>"; };
		595C91E21B6937620073148F /* Base */ = {isa = PBXFileReference; lastKnownFileType = file.storyboard; name = Base; path = Base.lproj/Main.storyboard; sourceTree = "<group>"; };
		595C91E41B6937620073148F /* Images.xcassets */ = {isa = PBXFileReference; lastKnownFileType = folder.assetcatalog; path = Images.xcassets; sourceTree = "<group>"; };
		595C91ED1B6937620073148F /* 5 LungTests.xctest */ = {isa = PBXFileReference; explicitFileType = wrapper.cfbundle; includeInIndex = 0; path = "5 LungTests.xctest"; sourceTree = BUILT_PRODUCTS_DIR; };
		595C91F21B6937620073148F /* Info.plist */ = {isa = PBXFileReference; lastKnownFileType = text.plist.xml; path = Info.plist; sourceTree = "<group>"; };
		595C91F31B6937620073148F /* __LungTests.swift */ = {isa = PBXFileReference; lastKnownFileType = sourcecode.swift; path = __LungTests.swift; sourceTree = "<group>"; };
		595C91FF1B69469F0073148F /* LaunchScreen.xib */ = {isa = PBXFileReference; fileEncoding = 4; lastKnownFileType = file.xib; path = LaunchScreen.xib; sourceTree = "<group>"; };
		595F217E1B7143DA00EDE221 /* Images.atlas */ = {isa = PBXFileReference; lastKnownFileType = folder.skatlas; path = Images.atlas; sourceTree = "<group>"; };
		598357281B7F0DAC00A6CF6E /* lungtheme.mp3 */ = {isa = PBXFileReference; lastKnownFileType = audio.mp3; path = lungtheme.mp3; sourceTree = "<group>"; };
		5983572A1B7F16E800A6CF6E /* menu.mp3 */ = {isa = PBXFileReference; lastKnownFileType = audio.mp3; path = menu.mp3; sourceTree = "<group>"; };
		59A26DFE1B697D230003BCBB /* MainMenu.swift */ = {isa = PBXFileReference; fileEncoding = 4; lastKnownFileType = sourcecode.swift; path = MainMenu.swift; sourceTree = "<group>"; };
		59A26E061B697F6F0003BCBB /* About.swift */ = {isa = PBXFileReference; fileEncoding = 4; lastKnownFileType = sourcecode.swift; path = About.swift; sourceTree = "<group>"; };
		59A26E081B697FC30003BCBB /* GameOver.swift */ = {isa = PBXFileReference; fileEncoding = 4; lastKnownFileType = sourcecode.swift; path = GameOver.swift; sourceTree = "<group>"; };
		59CA65A41B71C26B004B8397 /* Global.swift */ = {isa = PBXFileReference; fileEncoding = 4; lastKnownFileType = sourcecode.swift; path = Global.swift; sourceTree = "<group>"; };
/* End PBXFileReference section */

/* Begin PBXFrameworksBuildPhase section */
		595C91D11B6937620073148F /* Frameworks */ = {
			isa = PBXFrameworksBuildPhase;
			buildActionMask = 2147483647;
			files = (
			);
			runOnlyForDeploymentPostprocessing = 0;
		};
		595C91EA1B6937620073148F /* Frameworks */ = {
			isa = PBXFrameworksBuildPhase;
			buildActionMask = 2147483647;
			files = (
			);
			runOnlyForDeploymentPostprocessing = 0;
		};
/* End PBXFrameworksBuildPhase section */

/* Begin PBXGroup section */
		595C91CB1B6937620073148F = {
			isa = PBXGroup;
			children = (
				595C91D61B6937620073148F /* 5 Lung */,
				595C91F01B6937620073148F /* 5 LungTests */,
				595C91D51B6937620073148F /* Products */,
			);
			sourceTree = "<group>";
		};
		595C91D51B6937620073148F /* Products */ = {
			isa = PBXGroup;
			children = (
				595C91D41B6937620073148F /* 5 Lung.app */,
				595C91ED1B6937620073148F /* 5 LungTests.xctest */,
			);
			name = Products;
			sourceTree = "<group>";
		};
		595C91D61B6937620073148F /* 5 Lung */ = {
			isa = PBXGroup;
			children = (
				59CA65A41B71C26B004B8397 /* Global.swift */,
				59A26E061B697F6F0003BCBB /* About.swift */,
				594601E41BA8DA7500FADDA6 /* About.atlas */,
				594601E21BA8DA6D00FADDA6 /* About2.atlas */,
				59A26DFE1B697D230003BCBB /* MainMenu.swift */,
				595C91DD1B6937620073148F /* GameScene.swift */,
				59A26E081B697FC30003BCBB /* GameOver.swift */,
				595C91E41B6937620073148F /* Images.xcassets */,
				595F217E1B7143DA00EDE221 /* Images.atlas */,
				595C91D71B6937620073148F /* Supporting Files */,
				595C91FF1B69469F0073148F /* LaunchScreen.xib */,
				595C91E11B6937620073148F /* Main.storyboard */,
				595C91DF1B6937620073148F /* GameViewController.swift */,
				595C91D91B6937620073148F /* AppDelegate.swift */,
			);
			path = "5 Lung";
			sourceTree = "<group>";
		};
		595C91D71B6937620073148F /* Supporting Files */ = {
			isa = PBXGroup;
			children = (
				5983572A1B7F16E800A6CF6E /* menu.mp3 */,
				598357281B7F0DAC00A6CF6E /* lungtheme.mp3 */,
				5920694A1B7ACC6300BC117D /* zap.wav */,
				5932502B1B7A972A00F38C15 /* menu.png */,
				5932502C1B7A972A00F38C15 /* restart.png */,
				591890AC1B6F031B001FA192 /* pop.mp3 */,
				595C91D81B6937620073148F /* Info.plist */,
			);
			name = "Supporting Files";
			sourceTree = "<group>";
		};
		595C91F01B6937620073148F /* 5 LungTests */ = {
			isa = PBXGroup;
			children = (
				595C91F31B6937620073148F /* __LungTests.swift */,
				595C91F11B6937620073148F /* Supporting Files */,
			);
			path = "5 LungTests";
			sourceTree = "<group>";
		};
		595C91F11B6937620073148F /* Supporting Files */ = {
			isa = PBXGroup;
			children = (
				595C91F21B6937620073148F /* Info.plist */,
			);
			name = "Supporting Files";
			sourceTree = "<group>";
		};
/* End PBXGroup section */

/* Begin PBXNativeTarget section */
		595C91D31B6937620073148F /* 5 Lung */ = {
			isa = PBXNativeTarget;
			buildConfigurationList = 595C91F71B6937620073148F /* Build configuration list for PBXNativeTarget "5 Lung" */;
			buildPhases = (
				595C91D01B6937620073148F /* Sources */,
				595C91D11B6937620073148F /* Frameworks */,
				595C91D21B6937620073148F /* Resources */,
			);
			buildRules = (
			);
			dependencies = (
			);
			name = "5 Lung";
			productName = "5 Lung";
			productReference = 595C91D41B6937620073148F /* 5 Lung.app */;
			productType = "com.apple.product-type.application";
		};
		595C91EC1B6937620073148F /* 5 LungTests */ = {
			isa = PBXNativeTarget;
			buildConfigurationList = 595C91FA1B6937620073148F /* Build configuration list for PBXNativeTarget "5 LungTests" */;
			buildPhases = (
				595C91E91B6937620073148F /* Sources */,
				595C91EA1B6937620073148F /* Frameworks */,
				595C91EB1B6937620073148F /* Resources */,
			);
			buildRules = (
			);
			dependencies = (
				595C91EF1B6937620073148F /* PBXTargetDependency */,
			);
			name = "5 LungTests";
			productName = "5 LungTests";
			productReference = 595C91ED1B6937620073148F /* 5 LungTests.xctest */;
			productType = "com.apple.product-type.bundle.unit-test";
		};
/* End PBXNativeTarget section */

/* Begin PBXProject section */
		595C91CC1B6937620073148F /* Project object */ = {
			isa = PBXProject;
			attributes = {
				LastSwiftUpdateCheck = 0700;
				LastUpgradeCheck = 0630;
				ORGANIZATIONNAME = neuky;
				TargetAttributes = {
					595C91D31B6937620073148F = {
						CreatedOnToolsVersion = 6.3.2;
						DevelopmentTeam = 77CE9QAJRJ;
					};
					595C91EC1B6937620073148F = {
						CreatedOnToolsVersion = 6.3.2;
						TestTargetID = 595C91D31B6937620073148F;
					};
				};
			};
			buildConfigurationList = 595C91CF1B6937620073148F /* Build configuration list for PBXProject "5 Lung" */;
			compatibilityVersion = "Xcode 3.2";
			developmentRegion = English;
			hasScannedForEncodings = 0;
			knownRegions = (
				en,
				Base,
			);
			mainGroup = 595C91CB1B6937620073148F;
			productRefGroup = 595C91D51B6937620073148F /* Products */;
			projectDirPath = "";
			projectRoot = "";
			targets = (
				595C91D31B6937620073148F /* 5 Lung */,
				595C91EC1B6937620073148F /* 5 LungTests */,
			);
		};
/* End PBXProject section */

/* Begin PBXResourcesBuildPhase section */
		595C91D21B6937620073148F /* Resources */ = {
			isa = PBXResourcesBuildPhase;
			buildActionMask = 2147483647;
			files = (
				595C92001B69469F0073148F /* LaunchScreen.xib in Resources */,
				594601E51BA8DA7600FADDA6 /* About.atlas in Resources */,
				595F217F1B7143DA00EDE221 /* Images.atlas in Resources */,
				5932502D1B7A972A00F38C15 /* menu.png in Resources */,
				595C91E51B6937620073148F /* Images.xcassets in Resources */,
				5983572B1B7F16E800A6CF6E /* menu.mp3 in Resources */,
				598357291B7F0DAC00A6CF6E /* lungtheme.mp3 in Resources */,
				591890B41B6F031B001FA192 /* pop.mp3 in Resources */,
				595C91E31B6937620073148F /* Main.storyboard in Resources */,
				5920694D1B7ACC6300BC117D /* zap.wav in Resources */,
				5932502E1B7A972A00F38C15 /* restart.png in Resources */,
				594601E31BA8DA6D00FADDA6 /* About2.atlas in Resources */,
			);
			runOnlyForDeploymentPostprocessing = 0;
		};
		595C91EB1B6937620073148F /* Resources */ = {
			isa = PBXResourcesBuildPhase;
			buildActionMask = 2147483647;
			files = (
			);
			runOnlyForDeploymentPostprocessing = 0;
		};
/* End PBXResourcesBuildPhase section */

/* Begin PBXSourcesBuildPhase section */
		595C91D01B6937620073148F /* Sources */ = {
			isa = PBXSourcesBuildPhase;
			buildActionMask = 2147483647;
			files = (
				59A26E071B697F6F0003BCBB /* About.swift in Sources */,
				595C91DE1B6937620073148F /* GameScene.swift in Sources */,
				595C91E01B6937620073148F /* GameViewController.swift in Sources */,
				59A26E091B697FC30003BCBB /* GameOver.swift in Sources */,
				595C91DA1B6937620073148F /* AppDelegate.swift in Sources */,
				59A26DFF1B697D230003BCBB /* MainMenu.swift in Sources */,
				59CA65A51B71C26B004B8397 /* Global.swift in Sources */,
			);
			runOnlyForDeploymentPostprocessing = 0;
		};
		595C91E91B6937620073148F /* Sources */ = {
			isa = PBXSourcesBuildPhase;
			buildActionMask = 2147483647;
			files = (
				595C91F41B6937620073148F /* __LungTests.swift in Sources */,
			);
			runOnlyForDeploymentPostprocessing = 0;
		};
/* End PBXSourcesBuildPhase section */

/* Begin PBXTargetDependency section */
		595C91EF1B6937620073148F /* PBXTargetDependency */ = {
			isa = PBXTargetDependency;
			target = 595C91D31B6937620073148F /* 5 Lung */;
			targetProxy = 595C91EE1B6937620073148F /* PBXContainerItemProxy */;
		};
/* End PBXTargetDependency section */

/* Begin PBXVariantGroup section */
		595C91E11B6937620073148F /* Main.storyboard */ = {
			isa = PBXVariantGroup;
			children = (
				595C91E21B6937620073148F /* Base */,
			);
			name = Main.storyboard;
			sourceTree = "<group>";
		};
/* End PBXVariantGroup section */

/* Begin XCBuildConfiguration section */
		595C91F51B6937620073148F /* Debug */ = {
			isa = XCBuildConfiguration;
			buildSettings = {
				ALWAYS_SEARCH_USER_PATHS = NO;
				CLANG_CXX_LANGUAGE_STANDARD = "gnu++0x";
				CLANG_CXX_LIBRARY = "libc++";
				CLANG_ENABLE_MODULES = YES;
				CLANG_ENABLE_OBJC_ARC = YES;
				CLANG_WARN_BOOL_CONVERSION = YES;
				CLANG_WARN_CONSTANT_CONVERSION = YES;
				CLANG_WARN_DIRECT_OBJC_ISA_USAGE = YES_ERROR;
				CLANG_WARN_EMPTY_BODY = YES;
				CLANG_WARN_ENUM_CONVERSION = YES;
				CLANG_WARN_INT_CONVERSION = YES;
				CLANG_WARN_OBJC_ROOT_CLASS = YES_ERROR;
				CLANG_WARN_UNREACHABLE_CODE = YES;
				CLANG_WARN__DUPLICATE_METHOD_MATCH = YES;
				"CODE_SIGN_IDENTITY[sdk=iphoneos*]" = "iPhone Developer";
				COPY_PHASE_STRIP = NO;
				DEBUG_INFORMATION_FORMAT = "dwarf-with-dsym";
				ENABLE_STRICT_OBJC_MSGSEND = YES;
				GCC_C_LANGUAGE_STANDARD = gnu99;
				GCC_DYNAMIC_NO_PIC = NO;
				GCC_NO_COMMON_BLOCKS = YES;
				GCC_OPTIMIZATION_LEVEL = 0;
				GCC_PREPROCESSOR_DEFINITIONS = (
					"DEBUG=1",
					"$(inherited)",
				);
				GCC_SYMBOLS_PRIVATE_EXTERN = NO;
				GCC_WARN_64_TO_32_BIT_CONVERSION = YES;
				GCC_WARN_ABOUT_RETURN_TYPE = YES_ERROR;
				GCC_WARN_UNDECLARED_SELECTOR = YES;
				GCC_WARN_UNINITIALIZED_AUTOS = YES_AGGRESSIVE;
				GCC_WARN_UNUSED_FUNCTION = YES;
				GCC_WARN_UNUSED_VARIABLE = YES;
				IPHONEOS_DEPLOYMENT_TARGET = 8.3;
				MTL_ENABLE_DEBUG_INFO = YES;
				ONLY_ACTIVE_ARCH = YES;
				SDKROOT = iphoneos;
				SWIFT_OPTIMIZATION_LEVEL = "-Onone";
				TARGETED_DEVICE_FAMILY = "1,2";
			};
			name = Debug;
		};
		595C91F61B6937620073148F /* Release */ = {
			isa = XCBuildConfiguration;
			buildSettings = {
				ALWAYS_SEARCH_USER_PATHS = NO;
				CLANG_CXX_LANGUAGE_STANDARD = "gnu++0x";
				CLANG_CXX_LIBRARY = "libc++";
				CLANG_ENABLE_MODULES = YES;
				CLANG_ENABLE_OBJC_ARC = YES;
				CLANG_WARN_BOOL_CONVERSION = YES;
				CLANG_WARN_CONSTANT_CONVERSION = YES;
				CLANG_WARN_DIRECT_OBJC_ISA_USAGE = YES_ERROR;
				CLANG_WARN_EMPTY_BODY = YES;
				CLANG_WARN_ENUM_CONVERSION = YES;
				CLANG_WARN_INT_CONVERSION = YES;
				CLANG_WARN_OBJC_ROOT_CLASS = YES_ERROR;
				CLANG_WARN_UNREACHABLE_CODE = YES;
				CLANG_WARN__DUPLICATE_METHOD_MATCH = YES;
				"CODE_SIGN_IDENTITY[sdk=iphoneos*]" = "iPhone Developer";
				COPY_PHASE_STRIP = NO;
				DEBUG_INFORMATION_FORMAT = "dwarf-with-dsym";
				ENABLE_NS_ASSERTIONS = NO;
				ENABLE_STRICT_OBJC_MSGSEND = YES;
				GCC_C_LANGUAGE_STANDARD = gnu99;
				GCC_NO_COMMON_BLOCKS = YES;
				GCC_WARN_64_TO_32_BIT_CONVERSION = YES;
				GCC_WARN_ABOUT_RETURN_TYPE = YES_ERROR;
				GCC_WARN_UNDECLARED_SELECTOR = YES;
				GCC_WARN_UNINITIALIZED_AUTOS = YES_AGGRESSIVE;
				GCC_WARN_UNUSED_FUNCTION = YES;
				GCC_WARN_UNUSED_VARIABLE = YES;
				IPHONEOS_DEPLOYMENT_TARGET = 8.3;
				MTL_ENABLE_DEBUG_INFO = NO;
				SDKROOT = iphoneos;
				TARGETED_DEVICE_FAMILY = "1,2";
				VALIDATE_PRODUCT = YES;
			};
			name = Release;
		};
		595C91F81B6937620073148F /* Debug */ = {
			isa = XCBuildConfiguration;
			buildSettings = {
				ASSETCATALOG_COMPILER_APPICON_NAME = AppIcon;
				ASSETCATALOG_COMPILER_LAUNCHIMAGE_NAME = LaunchImage;
				CODE_SIGN_IDENTITY = "iPhone Developer";
				"CODE_SIGN_IDENTITY[sdk=iphoneos*]" = "iPhone Developer";
				INFOPLIST_FILE = "5 Lung/Info.plist";
				IPHONEOS_DEPLOYMENT_TARGET = 7.1;
				LD_RUNPATH_SEARCH_PATHS = "$(inherited) @executable_path/Frameworks";
				PRODUCT_NAME = "$(TARGET_NAME)";
				PROVISIONING_PROFILE = "";
				SPRITEKIT_TEXTURE_ATLAS_SIZE = 4096x4096;
				TARGETED_DEVICE_FAMILY = "1,2";
			};
			name = Debug;
		};
		595C91F91B6937620073148F /* Release */ = {
			isa = XCBuildConfiguration;
			buildSettings = {
				ASSETCATALOG_COMPILER_APPICON_NAME = AppIcon;
				ASSETCATALOG_COMPILER_LAUNCHIMAGE_NAME = LaunchImage;
				CODE_SIGN_IDENTITY = "iPhone Developer";
				"CODE_SIGN_IDENTITY[sdk=iphoneos*]" = "iPhone Developer";
				INFOPLIST_FILE = "5 Lung/Info.plist";
				IPHONEOS_DEPLOYMENT_TARGET = 7.1;
				LD_RUNPATH_SEARCH_PATHS = "$(inherited) @executable_path/Frameworks";
				PRODUCT_NAME = "$(TARGET_NAME)";
				PROVISIONING_PROFILE = "";
				SPRITEKIT_TEXTURE_ATLAS_SIZE = 4096x4096;
				TARGETED_DEVICE_FAMILY = "1,2";
			};
			name = Release;
		};
		595C91FB1B6937620073148F /* Debug */ = {
			isa = XCBuildConfiguration;
			buildSettings = {
				BUNDLE_LOADER = "$(TEST_HOST)";
				FRAMEWORK_SEARCH_PATHS = (
					"$(SDKROOT)/Developer/Library/Frameworks",
					"$(inherited)",
				);
				GCC_PREPROCESSOR_DEFINITIONS = (
					"DEBUG=1",
					"$(inherited)",
				);
				INFOPLIST_FILE = "5 LungTests/Info.plist";
				LD_RUNPATH_SEARCH_PATHS = "$(inherited) @executable_path/Frameworks @loader_path/Frameworks";
				PRODUCT_NAME = "$(TARGET_NAME)";
				TEST_HOST = "$(BUILT_PRODUCTS_DIR)/5 Lung.app/5 Lung";
			};
			name = Debug;
		};
		595C91FC1B6937620073148F /* Release */ = {
			isa = XCBuildConfiguration;
			buildSettings = {
				BUNDLE_LOADER = "$(TEST_HOST)";
				FRAMEWORK_SEARCH_PATHS = (
					"$(SDKROOT)/Developer/Library/Frameworks",
					"$(inherited)",
				);
				INFOPLIST_FILE = "5 LungTests/Info.plist";
				LD_RUNPATH_SEARCH_PATHS = "$(inherited) @executable_path/Frameworks @loader_path/Frameworks";
				PRODUCT_NAME = "$(TARGET_NAME)";
				TEST_HOST = "$(BUILT_PRODUCTS_DIR)/5 Lung.app/5 Lung";
			};
			name = Release;
		};
/* End XCBuildConfiguration section */

/* Begin XCConfigurationList section */
		595C91CF1B6937620073148F /* Build configuration list for PBXProject "5 Lung" */ = {
			isa = XCConfigurationList;
			buildConfigurations = (
				595C91F51B6937620073148F /* Debug */,
				595C91F61B6937620073148F /* Release */,
			);
			defaultConfigurationIsVisible = 0;
			defaultConfigurationName = Release;
		};
		595C91F71B6937620073148F /* Build configuration list for PBXNativeTarget "5 Lung" */ = {
			isa = XCConfigurationList;
			buildConfigurations = (
				595C91F81B6937620073148F /* Debug */,
				595C91F91B6937620073148F /* Release */,
			);
			defaultConfigurationIsVisible = 0;
			defaultConfigurationName = Release;
		};
		595C91FA1B6937620073148F /* Build configuration list for PBXNativeTarget "5 LungTests" */ = {
			isa = XCConfigurationList;
			buildConfigurations = (
				595C91FB1B6937620073148F /* Debug */,
				595C91FC1B6937620073148F /* Release */,
			);
			defaultConfigurationIsVisible = 0;
			defaultConfigurationName = Release;
		};
/* End XCConfigurationList section */
	};
	rootObject = 595C91CC1B6937620073148F /* Project object */;
}
